
Microsoft Visual Studio Solution File, Format Version 12.00
# Visual Studio Version 17
VisualStudioVersion = 17.10.35004.147
MinimumVisualStudioVersion = 10.0.40219.1
Project("{8BC9CEB8-8B4A-11D0-8D11-00A0C91BC942}") = "240616", "240616\240616.vcxproj", "{851CBF10-0B96-4D1C-91BF-6FB49FE70BEC}"
EndProject
Global
	GlobalSection(SolutionConfigurationPlatforms) = preSolution
		Debug|x64 = Debug|x64
		Debug|x86 = Debug|x86
		Release|x64 = Release|x64
		Release|x86 = Release|x86
	EndGlobalSection
	GlobalSection(ProjectConfigurationPlatforms) = postSolution
		{851CBF10-0B96-4D1C-91BF-6FB49FE70BEC}.Debug|x64.ActiveCfg = Debug|x64
		{851CBF10-0B96-4D1C-91BF-6FB49FE70BEC}.Debug|x64.Build.0 = Debug|x64
		{851CBF10-0B96-4D1C-91BF-6FB49FE70BEC}.Debug|x86.ActiveCfg = Debug|Win32
		{851CBF10-0B96-4D1C-91BF-6FB49FE70BEC}.Debug|x86.Build.0 = Debug|Win32
		{851CBF10-0B96-4D1C-91BF-6FB49FE70BEC}.Release|x64.ActiveCfg = Release|x64
		{851CBF10-0B96-4D1C-91BF-6FB49FE70BEC}.Release|x64.Build.0 = Release|x64
		{851CBF10-0B96-4D1C-91BF-6FB49FE70BEC}.Release|x86.ActiveCfg = Release|Win32
		{851CBF10-0B96-4D1C-91BF-6FB49FE70BEC}.Release|x86.Build.0 = Release|Win32
	EndGlobalSection
	GlobalSection(SolutionProperties) = preSolution
		HideSolutionNode = FALSE
	EndGlobalSection
	GlobalSection(ExtensibilityGlobals) = postSolution
		SolutionGuid = {8211C5E6-6129-484C-B6A4-761DA9B0ED6A}
	EndGlobalSection
EndGlobal
