
Microsoft Visual Studio Solution File, Format Version 12.00
# Visual Studio Version 17
VisualStudioVersion = 17.10.35004.147
MinimumVisualStudioVersion = 10.0.40219.1
Project("{8BC9CEB8-8B4A-11D0-8D11-00A0C91BC942}") = "240620", "240620\240620.vcxproj", "{F31769BF-B6AE-43F6-92CC-1F06A68D3586}"
EndProject
Global
	GlobalSection(SolutionConfigurationPlatforms) = preSolution
		Debug|x64 = Debug|x64
		Debug|x86 = Debug|x86
		Release|x64 = Release|x64
		Release|x86 = Release|x86
	EndGlobalSection
	GlobalSection(ProjectConfigurationPlatforms) = postSolution
		{F31769BF-B6AE-43F6-92CC-1F06A68D3586}.Debug|x64.ActiveCfg = Debug|x64
		{F31769BF-B6AE-43F6-92CC-1F06A68D3586}.Debug|x64.Build.0 = Debug|x64
		{F31769BF-B6AE-43F6-92CC-1F06A68D3586}.Debug|x86.ActiveCfg = Debug|Win32
		{F31769BF-B6AE-43F6-92CC-1F06A68D3586}.Debug|x86.Build.0 = Debug|Win32
		{F31769BF-B6AE-43F6-92CC-1F06A68D3586}.Release|x64.ActiveCfg = Release|x64
		{F31769BF-B6AE-43F6-92CC-1F06A68D3586}.Release|x64.Build.0 = Release|x64
		{F31769BF-B6AE-43F6-92CC-1F06A68D3586}.Release|x86.ActiveCfg = Release|Win32
		{F31769BF-B6AE-43F6-92CC-1F06A68D3586}.Release|x86.Build.0 = Release|Win32
	EndGlobalSection
	GlobalSection(SolutionProperties) = preSolution
		HideSolutionNode = FALSE
	EndGlobalSection
	GlobalSection(ExtensibilityGlobals) = postSolution
		SolutionGuid = {22AA0245-16BE-4220-8116-391D39A549F6}
	EndGlobalSection
EndGlobal
